
Microsoft Visual Studio Solution File, Format Version 12.00
# Visual Studio 15
Project("{FAE04EC0-301F-11D3-BF4B-00C04F79EFBC}") = "Assembly-CSharp", "Assembly-CSharp.csproj", "{0CBE938A-6622-DE8F-4C5E-B5100C687E00}"
EndProject
Project("{FAE04EC0-301F-11D3-BF4B-00C04F79EFBC}") = "Unity.XR.Interaction.Toolkit.Samples.StarterAssets", "Unity.XR.Interaction.Toolkit.Samples.StarterAssets.csproj", "{2F6237B2-275F-95D4-0A86-2E47CC2FB1F2}"
EndProject
Project("{FAE04EC0-301F-11D3-BF4B-00C04F79EFBC}") = "Unity.XR.Interaction.Toolkit.Samples.StarterAssets.Editor", "Unity.XR.Interaction.Toolkit.Samples.StarterAssets.Editor.csproj", "{CE4546A1-59A3-E6D6-8D90-FB3B405B04BA}"
EndProject
Global
	GlobalSection(SolutionConfigurationPlatforms) = preSolution
		Debug|Any CPU = Debug|Any CPU
		Release|Any CPU = Release|Any CPU
	EndGlobalSection
	GlobalSection(ProjectConfigurationPlatforms) = postSolution
		{0CBE938A-6622-DE8F-4C5E-B5100C687E00}.Debug|Any CPU.ActiveCfg = Debug|Any CPU
		{0CBE938A-6622-DE8F-4C5E-B5100C687E00}.Debug|Any CPU.Build.0 = Debug|Any CPU
		{0CBE938A-6622-DE8F-4C5E-B5100C687E00}.Release|Any CPU.ActiveCfg = Release|Any CPU
		{0CBE938A-6622-DE8F-4C5E-B5100C687E00}.Release|Any CPU.Build.0 = Release|Any CPU
		{2F6237B2-275F-95D4-0A86-2E47CC2FB1F2}.Debug|Any CPU.ActiveCfg = Debug|Any CPU
		{2F6237B2-275F-95D4-0A86-2E47CC2FB1F2}.Debug|Any CPU.Build.0 = Debug|Any CPU
		{2F6237B2-275F-95D4-0A86-2E47CC2FB1F2}.Release|Any CPU.ActiveCfg = Release|Any CPU
		{2F6237B2-275F-95D4-0A86-2E47CC2FB1F2}.Release|Any CPU.Build.0 = Release|Any CPU
		{CE4546A1-59A3-E6D6-8D90-FB3B405B04BA}.Debug|Any CPU.ActiveCfg = Debug|Any CPU
		{CE4546A1-59A3-E6D6-8D90-FB3B405B04BA}.Debug|Any CPU.Build.0 = Debug|Any CPU
		{CE4546A1-59A3-E6D6-8D90-FB3B405B04BA}.Release|Any CPU.ActiveCfg = Release|Any CPU
		{CE4546A1-59A3-E6D6-8D90-FB3B405B04BA}.Release|Any CPU.Build.0 = Release|Any CPU
	EndGlobalSection
	GlobalSection(SolutionProperties) = preSolution
		HideSolutionNode = FALSE
	EndGlobalSection
EndGlobal
